{
  "nodes": {
    "nixpkgs-2311": {
      "locked": {
        "lastModified": 1718060059,
        "narHash": "sha256-9XKFni8VMXo81RTq9XygCyaO3I/7UKpwIlM/yn0MdcM=",
        "owner": "nixos",
        "repo": "nixpkgs",
        "rev": "a3c8d64ba846725f040582b2d3b875466d2115bd",
        "type": "github"
      },
      "original": {
        "owner": "nixos",
        "ref": "nixos-23.11",
        "repo": "nixpkgs",
        "type": "github"
      }
    },
    "nixpkgs-2405": {
      "locked": {
        "lastModified": 1718208800,
        "narHash": "sha256-US1tAChvPxT52RV8GksWZS415tTS7PV42KTc2PNDBmc=",
        "owner": "nixos",
        "repo": "nixpkgs",
        "rev": "cc54fb41d13736e92229c21627ea4f22199fee6b",
        "type": "github"
      },
      "original": {
        "owner": "nixos",
        "ref": "nixos-24.05",
        "repo": "nixpkgs",
        "type": "github"
      }
    },
    "poly-test": {
      "locked": {
        "lastModified": 1718678136,
        "narHash": "sha256-oK6+K1OrD0/oI+4h7LkSqeNw10QlrVTYQtdkWi8w2os=",
        "owner": "jonringer",
        "repo": "nixos-polytest",
        "rev": "3dca4159521bb027529819aaa8a67f4b3dc8cb21",
        "type": "github"
      },
      "original": {
        "owner": "jonringer",
        "repo": "nixos-polytest",
        "type": "github"
      }
    },
    "root": {
      "inputs": {
        "nixpkgs-2311": "nixpkgs-2311",
        "nixpkgs-2405": "nixpkgs-2405",
        "poly-test": "poly-test"
      }
    }
  },
  "root": "root",
  "version": 7
}
